
Microsoft Visual Studio Solution File, Format Version 12.00
# Visual Studio 15
VisualStudioVersion = 15.0.28307.421
MinimumVisualStudioVersion = 10.0.40219.1
Project("{FAE04EC0-301F-11D3-BF4B-00C04F79EFBC}") = "BeringBullet", "BeringBullet\BeringBullet.csproj", "{7E35D753-ABD0-4C62-93BD-DBAEBBC0F59B}"
EndProject
Global
	GlobalSection(SolutionConfigurationPlatforms) = preSolution
		Debug|Any CPU = Debug|Any CPU
		Release|Any CPU = Release|Any CPU
	EndGlobalSection
	GlobalSection(ProjectConfigurationPlatforms) = postSolution
		{7E35D753-ABD0-4C62-93BD-DBAEBBC0F59B}.Debug|Any CPU.ActiveCfg = Debug|Any CPU
		{7E35D753-ABD0-4C62-93BD-DBAEBBC0F59B}.Debug|Any CPU.Build.0 = Debug|Any CPU
		{7E35D753-ABD0-4C62-93BD-DBAEBBC0F59B}.Release|Any CPU.ActiveCfg = Release|Any CPU
		{7E35D753-ABD0-4C62-93BD-DBAEBBC0F59B}.Release|Any CPU.Build.0 = Release|Any CPU
	EndGlobalSection
	GlobalSection(SolutionProperties) = preSolution
		HideSolutionNode = FALSE
	EndGlobalSection
	GlobalSection(ExtensibilityGlobals) = postSolution
		SolutionGuid = {4A081348-A38D-4CBE-9D25-B61FC2752EB0}
	EndGlobalSection
EndGlobal
